<?xml version="1.0" encoding="utf-8"?>
<Project ToolsVersion="4.0" xmlns="http://schemas.microsoft.com/developer/msbuild/2003">
  <ItemGroup>
    <Filter Include="Source Files">
      <UniqueIdentifier>{4FC737F1-C7A5-4376-A066-2A32D752A2FF}</UniqueIdentifier>
      <Extensions>cpp;c;cc;cxx;c++;cppm;ixx;def;odl;idl;hpj;bat;asm;asmx</Extensions>
    </Filter>
    <Filter Include="Header Files">
      <UniqueIdentifier>{93995380-89BD-4b04-88EB-625FBE52EBFB}</UniqueIdentifier>
      <Extensions>h;hh;hpp;hxx;h++;hm;inl;inc;ipp;xsd</Extensions>
    </Filter>
    <Filter Include="Resource Files">
      <UniqueIdentifier>{67DA6AB6-F800-4c08-8B7A-83BB121AAD01}</UniqueIdentifier>
      <Extensions>rc;ico;cur;bmp;dlg;rc2;rct;bin;rgs;gif;jpg;jpeg;jpe;resx;tiff;tif;png;wav;mfcribbon-ms</Extensions>
    </Filter>
  </ItemGroup>
  <ItemGroup>
    <ClCompile Include="collisions_console.cpp">
      <Filter>Source Files</Filter>
    </ClCompile>
    <ClCompile Include="glad.c">
      <Filter>Source Files</Filter>
    </ClCompile>
    <ClCompile Include="geometry.cpp">
      <Filter>Source Files</Filter>
    </ClCompile>
    <ClCompile Include="detection.cpp">
      <Filter>Source Files</Filter>
    </ClCompile>
    <ClCompile Include="generation.cpp">
      <Filter>Source Files</Filter>
    </ClCompile>
    <ClCompile Include="sweep_and_prune.cpp">
      <Filter>Source Files</Filter>
    </ClCompile>
    <ClCompile Include="naive_pairing.cpp">
      <Filter>Source Files</Filter>
    </ClCompile>
    <ClCompile Include="radial_pairing.cpp">
      <Filter>Source Files</Filter>
    </ClCompile>
    <ClCompile Include="concave_geometry.cpp">
      <Filter>Source Files</Filter>
    </ClCompile>
    <ClCompile Include="collision_resolution.cpp">
      <Filter>Source Files</Filter>
    </ClCompile>
  </ItemGroup>
  <ItemGroup>
    <ClInclude Include="geometry.h">
      <Filter>Header Files</Filter>
    </ClInclude>
    <ClInclude Include="detection.h">
      <Filter>Header Files</Filter>
    </ClInclude>
    <ClInclude Include="shader_m.h">
      <Filter>Header Files</Filter>
    </ClInclude>
    <ClInclude Include="generation.h">
      <Filter>Header Files</Filter>
    </ClInclude>
    <ClInclude Include="sweep_and_prune.h">
      <Filter>Header Files</Filter>
    </ClInclude>
    <ClInclude Include="pair_maker.h">
      <Filter>Header Files</Filter>
    </ClInclude>
    <ClInclude Include="naive_pairing.h">
      <Filter>Header Files</Filter>
    </ClInclude>
    <ClInclude Include="radial_pairing.h">
      <Filter>Header Files</Filter>
    </ClInclude>
    <ClInclude Include="concave_geometry.h">
      <Filter>Header Files</Filter>
    </ClInclude>
    <ClInclude Include="load_obj.h">
      <Filter>Header Files</Filter>
    </ClInclude>
    <ClInclude Include="collision_resolution.h">
      <Filter>Header Files</Filter>
    </ClInclude>
    <ClInclude Include="write_fluid_positions.h">
      <Filter>Header Files</Filter>
    </ClInclude>
  </ItemGroup>
  <ItemGroup>
    <None Include="coordinate_systems.vs" />
    <None Include="coordinate_systems.fs" />
  </ItemGroup>
</Project>